
Microsoft Visual Studio Solution File, Format Version 12.00
# Visual Studio Version 16
VisualStudioVersion = 16.0.28803.202
MinimumVisualStudioVersion = 10.0.40219.1
Project("{888888A0-9F3D-457C-B088-3A5042F75D52}") = "Https Simulator", "Https Simulator\Https Simulator.pyproj", "{A26D40AC-E6C1-4313-B7F3-C75DD5539688}"
EndProject
Global
	GlobalSection(SolutionConfigurationPlatforms) = preSolution
		Debug|Any CPU = Debug|Any CPU
		Release|Any CPU = Release|Any CPU
	EndGlobalSection
	GlobalSection(ProjectConfigurationPlatforms) = postSolution
		{A26D40AC-E6C1-4313-B7F3-C75DD5539688}.Debug|Any CPU.ActiveCfg = Debug|Any CPU
		{A26D40AC-E6C1-4313-B7F3-C75DD5539688}.Release|Any CPU.ActiveCfg = Release|Any CPU
	EndGlobalSection
	GlobalSection(SolutionProperties) = preSolution
		HideSolutionNode = FALSE
	EndGlobalSection
	GlobalSection(ExtensibilityGlobals) = postSolution
		SolutionGuid = {98AD86CE-99B0-47D4-BE43-D09D86643181}
	EndGlobalSection
EndGlobal
